
Microsoft Visual Studio Solution File, Format Version 12.00
# Visual Studio Version 16
VisualStudioVersion = 16.0.30413.136
MinimumVisualStudioVersion = 10.0.40219.1
Project("{FAE04EC0-301F-11D3-BF4B-00C04F79EFBC}") = "Vault", "Vault\Vault.csproj", "{A19DB105-C2D8-464A-84F6-E7F579F671FC}"
EndProject
Global
	GlobalSection(SolutionConfigurationPlatforms) = preSolution
		Debug|Any CPU = Debug|Any CPU
		Release|Any CPU = Release|Any CPU
	EndGlobalSection
	GlobalSection(ProjectConfigurationPlatforms) = postSolution
		{A19DB105-C2D8-464A-84F6-E7F579F671FC}.Debug|Any CPU.ActiveCfg = Debug|Any CPU
		{A19DB105-C2D8-464A-84F6-E7F579F671FC}.Debug|Any CPU.Build.0 = Debug|Any CPU
		{A19DB105-C2D8-464A-84F6-E7F579F671FC}.Release|Any CPU.ActiveCfg = Release|Any CPU
		{A19DB105-C2D8-464A-84F6-E7F579F671FC}.Release|Any CPU.Build.0 = Release|Any CPU
	EndGlobalSection
	GlobalSection(SolutionProperties) = preSolution
		HideSolutionNode = FALSE
	EndGlobalSection
	GlobalSection(ExtensibilityGlobals) = postSolution
		SolutionGuid = {A7F9122F-ACCE-45B3-87E1-73FE04B590F9}
	EndGlobalSection
EndGlobal
